
Microsoft Visual Studio Solution File, Format Version 12.00
# Visual Studio Version 17
VisualStudioVersion = 17.5.002.0
MinimumVisualStudioVersion = 10.0.40219.1
Project("{9A19103F-16F7-4668-BE54-9A1E7A4F7556}") = "MVC-Ricardo", "MVC-Ricardo.csproj", "{967E8C81-A3EA-41CE-B989-931759E74424}"
EndProject
Global
	GlobalSection(SolutionConfigurationPlatforms) = preSolution
		Debug|Any CPU = Debug|Any CPU
		Release|Any CPU = Release|Any CPU
	EndGlobalSection
	GlobalSection(ProjectConfigurationPlatforms) = postSolution
		{967E8C81-A3EA-41CE-B989-931759E74424}.Debug|Any CPU.ActiveCfg = Debug|Any CPU
		{967E8C81-A3EA-41CE-B989-931759E74424}.Debug|Any CPU.Build.0 = Debug|Any CPU
		{967E8C81-A3EA-41CE-B989-931759E74424}.Release|Any CPU.ActiveCfg = Release|Any CPU
		{967E8C81-A3EA-41CE-B989-931759E74424}.Release|Any CPU.Build.0 = Release|Any CPU
	EndGlobalSection
	GlobalSection(SolutionProperties) = preSolution
		HideSolutionNode = FALSE
	EndGlobalSection
	GlobalSection(ExtensibilityGlobals) = postSolution
		SolutionGuid = {00E2931D-4A01-4E2A-A555-EA97EF04B3DF}
	EndGlobalSection
EndGlobal
